github.com/RoaringBitmap/roaring/v2 v2.18.2 h1:oPq3Cgx//iDuJQVp6xSInAKW34J9CEwE5GmLI2z+Eic=
github.com/RoaringBitmap/roaring/v2 v2.18.2/go.mod h1:eq4wdNXxtJIS/oikeCzdX1rBzek7ANzbth041hrU8Q4=
github.com/alexsergivan/transliterator v1.0.1 h1:vON2ilWCHjq+S5Y4obhLGhHK4Y1VIhsHEtQlij5d9pI=
github.com/alexsergivan/transliterator v1.0.1/go.mod h1:0IrumukulURJ4PD0z6UcdJKP2job1DYDhnHAP5y+5pE=
github.com/bits-and-blooms/bitset v1.24.4 h1:95H15Og1clikBrKr/DuzMXkQzECs1M6hhoGXLwLQOZE=
github.com/bits-and-blooms/bitset v1.24.4/go.mod h1:7hO7Gc7Pp1vODcmWvKMRA9BNmbv6a/7QIWpPxHddWR8=
github.com/bots-go-framework/bots-fw-store v0.10.5 h1:AzEZE7N1nc2ysAxjqRsvLT1TD+spS9EDjne0QWXMRIM=
github.com/bots-go-framework/bots-fw-store v0.10.5/go.mod h1:FordIqmCZu3XXZ8grvep9mRdoxY+QymiZBfY97t0+Rs=
github.com/crediterra/money v0.3.1 h1:7v3KOvGGWzBwZ/fV1QQedtbtP3KyfxNIDaqc9cdqVQg=
github.com/crediterra/money v0.3.1/go.mod h1:0BT7dzPk4Wv+Wi8J6sxlFbCknYioLWVVQM4ciMJh6TI=
github.com/dal-go/dalgo v0.62.7 h1:JF6v9I1VRq1DgkK+aElHk7gZkcMSSMRHv6M/DIyv26c=
github.com/dal-go/dalgo v0.62.7/go.mod h1:NV0VJ+TQ6MXkz7uDPl5N3i7o/DWQBTftN5+HxGa3xQg=
github.com/dal-go/dalgo v0.62.8 h1:Lo/4iULNQ/ttvyszkAhX4TWWTlGDvGNJkPuXUKcoSb4=
github.com/dal-go/dalgo v0.62.8/go.mod h1:NV0VJ+TQ6MXkz7uDPl5N3i7o/DWQBTftN5+HxGa3xQg=
github.com/davecgh/go-spew v1.1.0/go.mod h1:J7Y8YcW2NihsgmVo/mv3lAwl/skON4iLHjSsI+c5H38=
github.com/davecgh/go-spew v1.1.1 h1:vj9j/u1bqnvCEfJOwUhtlOARqs3+rkHYY13jYWTU97c=
github.com/davecgh/go-spew v1.1.1/go.mod h1:J7Y8YcW2NihsgmVo/mv3lAwl/skON4iLHjSsI+c5H38=
github.com/gosimple/slug v1.15.0 h1:wRZHsRrRcs6b0XnxMUBM6WK1U1Vg5B0R7VkIf1Xzobo=
github.com/gosimple/slug v1.15.0/go.mod h1:UiRaFH+GEilHstLUmcBgWcI42viBN7mAb818JrYOeFQ=
github.com/gosimple/unidecode v1.0.1 h1:hZzFTMMqSswvf0LBJZCZgThIZrpDHFXux9KeGmn6T/o=
github.com/gosimple/unidecode v1.0.1/go.mod h1:CP0Cr1Y1kogOtx0bJblKzsVWrqYaqfNOnHzpgWw4Awc=
github.com/kr/pretty v0.3.1 h1:flRD4NNwYAUpkphVc1HcthR4KEIFJ65n8Mw5qdRn3LE=
github.com/kr/pretty v0.3.1/go.mod h1:hoEshYVHaxMs3cyo3Yncou5ZscifuDolrwPKZanG3xk=
github.com/kr/text v0.2.0 h1:5Nx0Ya0ZqY2ygV366QzturHI13Jq95ApcVaJBhpS+AY=
github.com/kr/text v0.2.0/go.mod h1:eLer722TekiGuMkidMxC/pM04lWEeraHUUmBw8l2grE=
github.com/mschoch/smat v0.2.0 h1:8imxQsjDm8yFEAVBe7azKmKSgzSkZXDuKkSq9374khM=
github.com/mschoch/smat v0.2.0/go.mod h1:kc9mz7DoBKqDyiRL7VZN8KvXQMWeTaVnttLRXOlotKw=
github.com/pmezard/go-difflib v1.0.0 h1:4DBwDE0NGyQoBHbLQYPwSUPoCMWR5BEzIk/f1lZbAQM=
github.com/pmezard/go-difflib v1.0.0/go.mod h1:iKH77koFhYxTK1pcRnkKkqfTogsbg7gZNVY4sRDYZ/4=
github.com/rogpeppe/go-internal v1.14.1 h1:UQB4HGPB6osV0SQTLymcB4TgvyWu6ZyliaW0tI/otEQ=
github.com/rogpeppe/go-internal v1.14.1/go.mod h1:MaRKkUm5W0goXpeCfT7UZI6fk/L7L7so1lCWt35ZSgc=
github.com/sneat-co/assetus/backend v0.1.0 h1:1I3KKc9T90xJjYhubH572A+tIOzEzJ46PBH5Km2+c/Y=
github.com/sneat-co/assetus/backend v0.1.0/go.mod h1:lInMOLtHtWJV/Alux+Bb7p9hAKek45Z6X5y2nuCAQoc=
github.com/sneat-co/calendarius/backend v0.2.1 h1:kr2oTIOWMaQEXAG+LcUn3r2BHLsWdzlugYte6XA38Hk=
github.com/sneat-co/calendarius/backend v0.2.1/go.mod h1:Il5uMgM3a1lSzfSVYre//KU5ssyRAl+H1aVCx7QYnSU=
github.com/sneat-co/contactus-ext/backend v0.1.0 h1:b5C8+gxOoyxAzEilMZaQ/LXTtgdyqpC/VN5CV64Gc3w=
github.com/sneat-co/contactus-ext/backend v0.1.0/go.mod h1:B6Ivk2AM/KCpLPIZpdMwjam9vYRYRXDie0mFCeessEM=
github.com/sneat-co/contactus/backend v0.1.2 h1:d8kYz+Vz+Ri4EP7vWp9LwswhiLX5/XDtwdcvCI9hpKo=
github.com/sneat-co/contactus/backend v0.1.2/go.mod h1:ZsQAHh/YsjD+tsw1cJddUh5wv6LwToUBxQcXe14SQ/k=
github.com/sneat-co/listus/backend v0.1.1 h1:RCABAYpWIgcnIV/iVxdffDxW0j4wGMX2zKKXbS8oZhY=
github.com/sneat-co/listus/backend v0.1.1/go.mod h1:B5jOkVPuK/ly4vjh2K4sDLNuCFPJ4f5s3Ps/cEswIhA=
github.com/sneat-co/sneat-core-modules v0.39.0 h1:0aruRctgIc5+u5uuewTwIdRtAgj/vru7kvPCJ/nWgDc=
github.com/sneat-co/sneat-core-modules v0.39.0/go.mod h1:WeJxTcbahlZjwAw/lXZkpNfv1vAtpECS6awzPbi3hoQ=
github.com/sneat-co/sneat-core-modules v0.39.1 h1:8yAS/i2hzqDroIFXSDg1qbKeWay49DpGJxjXuZyy7P4=
github.com/sneat-co/sneat-core-modules v0.39.1/go.mod h1:WeJxTcbahlZjwAw/lXZkpNfv1vAtpECS6awzPbi3hoQ=
github.com/sneat-co/sneat-core-modules v0.40.0 h1:RYEQMhELBCihATILUQMXSyyR7MEfpx3ecvuLa3t4TSY=
github.com/sneat-co/sneat-core-modules v0.40.0/go.mod h1:EHh8dFR/x5c2kZ8K9meRB/OH4exc0pkRYF9X/OoWm7g=
github.com/sneat-co/sneat-go-core v0.55.6 h1:8Tg+vCJMl9YCYUj9ltTZ++yg0XnlNF7z0HfdQBt8K+Q=
github.com/sneat-co/sneat-go-core v0.55.6/go.mod h1:da7Yy6qj4QMs+PkeK+tr0Y7Eyw2A6hd7cKpLg8+N4Tk=
github.com/sneat-co/sneat-go-core v0.57.0 h1:fZyXx1GIPMHBZboIbfawGOtfuAuQVqtBgeerN6eV7oE=
github.com/sneat-co/sneat-go-core v0.57.0/go.mod h1:da7Yy6qj4QMs+PkeK+tr0Y7Eyw2A6hd7cKpLg8+N4Tk=
github.com/stretchr/objx v0.1.0/go.mod h1:HFkY916IF+rwdDfMAkV7OtwuqBVzrE8GR6GFx+wExME=
github.com/stretchr/testify v1.5.1/go.mod h1:5W2xD1RspED5o8YsWQXVCued0rvSQ+mT+I5cxcmMvtA=
github.com/stretchr/testify v1.11.1 h1:7s2iGBzp5EwR7/aIZr8ao5+dra3wiQyKjjFuvgVKu7U=
github.com/stretchr/testify v1.11.1/go.mod h1:wZwfW3scLgRK+23gO65QZefKpKQRnfz6sD981Nm4B6U=
github.com/strongo/analytics v0.2.5 h1:wNobPTa5C9hQUembtVYEXHIGGBWO29H0iUhTicR9CEo=
github.com/strongo/analytics v0.2.5/go.mod h1:UcOgf57sMznb4zRxLA827+lC+HX6WWBU30YIQmbNwu0=
github.com/strongo/decimal v0.1.1 h1:k7HY/0NmG6Ne5YPV7XybII+AT7O4AShl6HZpLiNZsb4=
github.com/strongo/decimal v0.1.1/go.mod h1:uKFgetJbR2uT026stdbK54ELXTH9h0vZOPPOp7DAODk=
github.com/strongo/delaying v0.2.2 h1:c+uqQWD0h7TTLJNpMiCKchw9y4z18d/Sk68Lv77UnnU=
github.com/strongo/delaying v0.2.2/go.mod h1:6PnWp2IL3UDo7tQyFVIOxBiIiHSj0eVZ6VfrleGNjzA=
github.com/strongo/logus v0.4.1 h1:jEkcT5JzawDYjexRVHkCQiG4tv6Bm2a/c/ZdLk0IPqM=
github.com/strongo/logus v0.4.1/go.mod h1:sd8gjJklqGQAg+Q0mlP5MWgzguAuxR25YYFSkfVOPdc=
github.com/strongo/random v0.0.1 h1:OZHJBb/3uEa7OX8L2Dv2pLnSeewRmXMyTACoeto6O8I=
github.com/strongo/random v0.0.1/go.mod h1:/pSI+SjBNLBkjljNtVdYr6ERddA+LqSa87o0/s+9iuU=
github.com/strongo/slice v0.3.5 h1:8qbn5ll6DBf0eIZ2KtQm1xbmKOr5+FgXZIShz3Qg5to=
github.com/strongo/slice v0.3.5/go.mod h1:Tymvuhp8oV6T4vswWR4F/JmGFxOcMWFTM5qp0WlV0sk=
github.com/strongo/strongoapp v0.31.39 h1:zg520brSYgmXXdHeOlU+Q0dPBnk7D4Dgu5BjSMTWHG8=
github.com/strongo/strongoapp v0.31.39/go.mod h1:/CwxjMCt54PfDE3lEYhbtlP6UC99NsRP3Uoa7YB6y6U=
github.com/strongo/validation v0.0.9 h1:wO/aExTa4qZorJtQuGlqkTS8vfL4y9WQsCk9cP/nNjU=
github.com/strongo/validation v0.0.9/go.mod h1:YUwoPEItLJd/Bc9X1OCUm03ofhvm3kwZvuihU7/jz58=
go.uber.org/mock v0.6.0 h1:hyF9dfmbgIX5EfOdasqLsWD6xqpNZlXblLB/Dbnwv3Y=
go.uber.org/mock v0.6.0/go.mod h1:KiVJ4BqZJaMj4svdfmHM0AUx4NJYO8ZNpPnZn1Z+BBU=
golang.org/x/crypto v0.53.0 h1:QZ4Muo8THX6CizN2vPPd5fBGHyogrdK9fG4wLPFUsto=
golang.org/x/crypto v0.53.0/go.mod h1:DNLU434OwVakk9PzuwV8w62mAJpRJL3vsgcfp4Qnsio=
gopkg.in/check.v1 v0.0.0-20161208181325-20d25e280405/go.mod h1:Co6ibVJAznAaIkqp8huTwlJQCZ016jof/cbN4VW5Yz0=
gopkg.in/check.v1 v1.0.0-20201130134442-10cb98267c6c h1:Hei/4ADfdWqJk1ZMxUNpqntNwaWcugrBjAiHlqqRiVk=
gopkg.in/check.v1 v1.0.0-20201130134442-10cb98267c6c/go.mod h1:JHkPIbrfpd72SG/EVd6muEfDQjcINNoR0C8j2r3qZ4Q=
gopkg.in/yaml.v2 v2.2.2/go.mod h1:hI93XBmqTisBFMUTm0b8Fm+jr3Dg1NNxqwp+5A1VGuI=
gopkg.in/yaml.v3 v3.0.1 h1:fxVm/GzAzEWqLHuvctI91KS9hhNmmWOoWu0XTYJS7CA=
gopkg.in/yaml.v3 v3.0.1/go.mod h1:K4uyk7z7BCEPqu6E+C64Yfv1cQ7kz7rIZviUmN+EgEM=
