github.com/alexsergivan/transliterator v1.0.1 h1:vON2ilWCHjq+S5Y4obhLGhHK4Y1VIhsHEtQlij5d9pI=
github.com/alexsergivan/transliterator v1.0.1/go.mod h1:0IrumukulURJ4PD0z6UcdJKP2job1DYDhnHAP5y+5pE=
github.com/bots-go-framework/bots-fw-store v0.8.2 h1:Ss2ZRFoBeNgEy1TWzRIoVdERMoAv1kp9GlJvq3EbiHo=
github.com/bots-go-framework/bots-fw-store v0.8.2/go.mod h1:ZxeNr86seS59kKyf9zol15vdZEcH+1CjjzHOFokGrVI=
github.com/bots-go-framework/bots-fw-store v0.9.0 h1:GDeTB7O4ePWiHAYanG8E4Eb3yB++bDGCQD15X7cabPA=
github.com/bots-go-framework/bots-fw-store v0.9.0/go.mod h1:ZxeNr86seS59kKyf9zol15vdZEcH+1CjjzHOFokGrVI=
github.com/bots-go-framework/bots-fw-store v0.10.0 h1:e6bD274mjrHVp+X05/7uqqT3s5xZOqV9divKTaM2W+w=
github.com/bots-go-framework/bots-fw-store v0.10.0/go.mod h1:7oU4B8j5HuJZM8AftosbyQD+AqckXsDv8eU1auGPzn8=
github.com/creack/pty v1.1.9/go.mod h1:oKZEueFk5CKHvIhNR5MUki03XCEU+Q6VDXinZuGJ33E=
github.com/crediterra/money v0.3.0 h1:dHWEZhkMGGxkHTAbGQOaeg8eYbL8qJSCgcqdOTbNg20=
github.com/crediterra/money v0.3.0/go.mod h1:0BT7dzPk4Wv+Wi8J6sxlFbCknYioLWVVQM4ciMJh6TI=
github.com/dal-go/dalgo v0.14.2 h1:e7T9D2Hiv9ryMWTdJd9OmnM2ilfsX3dxQOU6wbskDqc=
github.com/dal-go/dalgo v0.14.2/go.mod h1:BoMNGwDE9FdjynV7xCn5f/GdVJxvfePwjsMldn+BhqA=
github.com/dal-go/mocks4dalgo v0.1.28 h1:7Jlh9gRSi/f+nNiFeS5zPoKSXKFybFGdigzZzZaxwac=
github.com/dal-go/mocks4dalgo v0.1.28/go.mod h1:Woit/TRw2dvbWNlUBUV50geQ1DqZimfFoJLRAeAX39A=
github.com/davecgh/go-spew v1.1.0/go.mod h1:J7Y8YcW2NihsgmVo/mv3lAwl/skON4iLHjSsI+c5H38=
github.com/davecgh/go-spew v1.1.1 h1:vj9j/u1bqnvCEfJOwUhtlOARqs3+rkHYY13jYWTU97c=
github.com/davecgh/go-spew v1.1.1/go.mod h1:J7Y8YcW2NihsgmVo/mv3lAwl/skON4iLHjSsI+c5H38=
github.com/golang/mock v1.6.0 h1:ErTB+efbowRARo13NNdxyJji2egdxLGQhRaY+DUumQc=
github.com/golang/mock v1.6.0/go.mod h1:p6yTPP+5HYm5mzsMV8JkE6ZKdX+/wYM6Hr+LicevLPs=
github.com/gosimple/slug v1.15.0 h1:wRZHsRrRcs6b0XnxMUBM6WK1U1Vg5B0R7VkIf1Xzobo=
github.com/gosimple/slug v1.15.0/go.mod h1:UiRaFH+GEilHstLUmcBgWcI42viBN7mAb818JrYOeFQ=
github.com/gosimple/unidecode v1.0.1 h1:hZzFTMMqSswvf0LBJZCZgThIZrpDHFXux9KeGmn6T/o=
github.com/gosimple/unidecode v1.0.1/go.mod h1:CP0Cr1Y1kogOtx0bJblKzsVWrqYaqfNOnHzpgWw4Awc=
github.com/julienschmidt/httprouter v1.3.0 h1:U0609e9tgbseu3rBINet9P48AI/D3oJs4dN7jwJOQ1U=
github.com/julienschmidt/httprouter v1.3.0/go.mod h1:JR6WtHb+2LUe8TCKY3cZOxFyyO8IZAc4RVcycCCAKdM=
github.com/kr/pretty v0.3.1 h1:flRD4NNwYAUpkphVc1HcthR4KEIFJ65n8Mw5qdRn3LE=
github.com/kr/pretty v0.3.1/go.mod h1:hoEshYVHaxMs3cyo3Yncou5ZscifuDolrwPKZanG3xk=
github.com/kr/text v0.2.0 h1:5Nx0Ya0ZqY2ygV366QzturHI13Jq95ApcVaJBhpS+AY=
github.com/kr/text v0.2.0/go.mod h1:eLer722TekiGuMkidMxC/pM04lWEeraHUUmBw8l2grE=
github.com/pmezard/go-difflib v1.0.0 h1:4DBwDE0NGyQoBHbLQYPwSUPoCMWR5BEzIk/f1lZbAQM=
github.com/pmezard/go-difflib v1.0.0/go.mod h1:iKH77koFhYxTK1pcRnkKkqfTogsbg7gZNVY4sRDYZ/4=
github.com/rogpeppe/go-internal v1.13.1 h1:KvO1DLK/DRN07sQ1LQKScxyZJuNnedQ5/wKSR38lUII=
github.com/rogpeppe/go-internal v1.13.1/go.mod h1:uMEvuHeurkdAXX61udpOXGD/AzZDWNMNyH2VO9fmH0o=
github.com/sneat-co/sneat-core-modules v0.18.0 h1:ZCb1bya/j92qaRJH09Zfbyh2nVE2z/oQoAXFGakE2/8=
github.com/sneat-co/sneat-core-modules v0.18.0/go.mod h1:hnsGS2sRtRC085CvogRSnQ739FDII+vzd/7GigViGFk=
github.com/sneat-co/sneat-core-modules v0.18.2 h1:H7ik3JhTLCt6OPHTEm8x91i0YprA7k9YGjmaW/GeIW0=
github.com/sneat-co/sneat-core-modules v0.18.2/go.mod h1:bfpPtk02c+ROZS6+N/9SsDlnYxUJbrS4GQ8eDDFHHp8=
github.com/sneat-co/sneat-core-modules v0.19.1 h1:YZrnIbW0OoRbL54yXgZ1v72vd5Ayt50Mkc/9KG7zH3c=
github.com/sneat-co/sneat-core-modules v0.19.1/go.mod h1:bfpPtk02c+ROZS6+N/9SsDlnYxUJbrS4GQ8eDDFHHp8=
github.com/sneat-co/sneat-core-modules v0.19.2 h1:uAH0CvdQml5tRDwyAoPZJTXZlEavWaqwMCo7Fz96im0=
github.com/sneat-co/sneat-core-modules v0.19.2/go.mod h1:ubPODCv5mf2zLIX4MvYCgiISe7OXVy5x6al7Bp1N8Pc=
github.com/sneat-co/sneat-go-core v0.42.0 h1:Nku8RWyAPu24xoKlIyPPgZyQ5KlgvcNST79imyoRDks=
github.com/sneat-co/sneat-go-core v0.42.0/go.mod h1:pDLlPtg0h12jk04+61nkFKuaqDlNHXqjX4lBZF0B4/g=
github.com/sneat-co/sneat-go-core v0.45.0 h1:oozl/4C1iBLlSJj5yaDFU8M3uoTR+utRiuhAv9nenaQ=
github.com/sneat-co/sneat-go-core v0.45.0/go.mod h1:pDLlPtg0h12jk04+61nkFKuaqDlNHXqjX4lBZF0B4/g=
github.com/stretchr/objx v0.1.0/go.mod h1:HFkY916IF+rwdDfMAkV7OtwuqBVzrE8GR6GFx+wExME=
github.com/stretchr/testify v1.5.1/go.mod h1:5W2xD1RspED5o8YsWQXVCued0rvSQ+mT+I5cxcmMvtA=
github.com/stretchr/testify v1.10.0 h1:Xv5erBjTwe/5IxqUQTdXv5kgmIvbHo3QQyRwhJsOfJA=
github.com/stretchr/testify v1.10.0/go.mod h1:r2ic/lqez/lEtzL7wO/rwa5dbSLXVDPFyf8C91i36aY=
github.com/strongo/decimal v0.1.1 h1:k7HY/0NmG6Ne5YPV7XybII+AT7O4AShl6HZpLiNZsb4=
github.com/strongo/decimal v0.1.1/go.mod h1:uKFgetJbR2uT026stdbK54ELXTH9h0vZOPPOp7DAODk=
github.com/strongo/delaying v0.1.0 h1:w4dpqwrwOxP5YlTJeZmzzIrIUM9rVXiPNv53opL0AaE=
github.com/strongo/delaying v0.1.0/go.mod h1:6PnWp2IL3UDo7tQyFVIOxBiIiHSj0eVZ6VfrleGNjzA=
github.com/strongo/logus v0.2.1 h1:ZzAtdSg6PPF1Y43WbNWl7MH1XYl7kvKMxyxv/lpbadI=
github.com/strongo/logus v0.2.1/go.mod h1:sd8gjJklqGQAg+Q0mlP5MWgzguAuxR25YYFSkfVOPdc=
github.com/strongo/random v0.0.1 h1:OZHJBb/3uEa7OX8L2Dv2pLnSeewRmXMyTACoeto6O8I=
github.com/strongo/random v0.0.1/go.mod h1:/pSI+SjBNLBkjljNtVdYr6ERddA+LqSa87o0/s+9iuU=
github.com/strongo/slice v0.3.1 h1:VWkyYBgcVJn6Hs7wYhL9Vxwgb7V3zQAUFTBV9wo5lc4=
github.com/strongo/slice v0.3.1/go.mod h1:B5ODKCkl0rp2oiG0UBqkN1cCOrSCU2cUuhqCM1sC8r4=
github.com/strongo/strongoapp v0.25.5 h1:MOb3JYiyZX0g+AswccUGYW7J/tO1b9oPWa+UZj+5+x4=
github.com/strongo/strongoapp v0.25.5/go.mod h1:jCdLBw1iXnG0mMu9RxET2lIfriBO4Q1qdNEbX8sAAkE=
github.com/strongo/validation v0.0.7 h1:gs6YkwPsYtVsepQaQOB+ZF+T0Gu5+nk4ZMND8F85e+U=
github.com/strongo/validation v0.0.7/go.mod h1:YUwoPEItLJd/Bc9X1OCUm03ofhvm3kwZvuihU7/jz58=
github.com/yuin/goldmark v1.3.5/go.mod h1:mwnBkeHKe2W/ZEtQ+71ViKU8L12m81fl3OWwC1Zlc8k=
golang.org/x/crypto v0.0.0-20190308221718-c2843e01d9a2/go.mod h1:djNgcEr1/C05ACkg1iLfiJU5Ep61QUkGW8qpdssI0+w=
golang.org/x/crypto v0.0.0-20191011191535-87dc89f01550/go.mod h1:yigFU9vqHzYiE8UmvKecakEJjdnWj3jj499lnFckfCI=
golang.org/x/crypto v0.32.0 h1:euUpcYgM8WcP71gNpTqQCn6rC2t6ULUPiOzfWaXVVfc=
golang.org/x/crypto v0.32.0/go.mod h1:ZnnJkOaASj8g0AjIduWNlq2NRxL0PlBrbKVyZ6V/Ugc=
golang.org/x/mod v0.4.2/go.mod h1:s0Qsj1ACt9ePp/hMypM3fl4fZqREWJwdYDEqhRiZZUA=
golang.org/x/net v0.0.0-20190404232315-eb5bcb51f2a3/go.mod h1:t9HGtf8HONx5eT2rtn7q6eTqICYqUVnKs3thJo3Qplg=
golang.org/x/net v0.0.0-20190620200207-3b0461eec859/go.mod h1:z5CRVTTTmAJ677TzLLGU+0bjPO0LkuOLi4/5GtJWs/s=
golang.org/x/net v0.0.0-20210405180319-a5a99cb37ef4/go.mod h1:p54w0d4576C0XHj96bSt6lcn1PtDYWL6XObtHCRCNQM=
golang.org/x/net v0.34.0 h1:Mb7Mrk043xzHgnRM88suvJFwzVrRfHEHJEl5/71CKw0=
golang.org/x/net v0.34.0/go.mod h1:di0qlW3YNM5oh6GqDGQr92MyTozJPmybPK4Ev/Gm31k=
golang.org/x/sync v0.0.0-20190423024810-112230192c58/go.mod h1:RxMgew5VJxzue5/jJTE5uejpjVlOe/izrB70Jof72aM=
golang.org/x/sync v0.0.0-20210220032951-036812b2e83c/go.mod h1:RxMgew5VJxzue5/jJTE5uejpjVlOe/izrB70Jof72aM=
golang.org/x/sys v0.0.0-20190215142949-d0b11bdaac8a/go.mod h1:STP8DvDyc/dI5b8T5hshtkjS+E42TnysNCUPdjciGhY=
golang.org/x/sys v0.0.0-20190412213103-97732733099d/go.mod h1:h1NjWce9XRLGQEsW7wpKNCjG9DtNlClVuFLEZdDNbEs=
golang.org/x/sys v0.0.0-20201119102817-f84b799fce68/go.mod h1:h1NjWce9XRLGQEsW7wpKNCjG9DtNlClVuFLEZdDNbEs=
golang.org/x/sys v0.0.0-20210330210617-4fbd30eecc44/go.mod h1:h1NjWce9XRLGQEsW7wpKNCjG9DtNlClVuFLEZdDNbEs=
golang.org/x/sys v0.0.0-20210510120138-977fb7262007/go.mod h1:oPkhp1MJrh7nUepCBck5+mAzfO9JrbApNNgaTdGDITg=
golang.org/x/term v0.0.0-20201126162022-7de9c90e9dd1/go.mod h1:bj7SfCRtBDWHUb9snDiAeCFNEtKQo2Wmx5Cou7ajbmo=
golang.org/x/text v0.3.0/go.mod h1:NqM8EUOU14njkJ3fqMW+pc6Ldnwhi/IjpwHt7yyuwOQ=
golang.org/x/text v0.3.3/go.mod h1:5Zoc/QRtKVWzQhOtBMvqHzDpF6irO9z98xDceosuGiQ=
golang.org/x/tools v0.0.0-20180917221912-90fa682c2a6e/go.mod h1:n7NCudcB/nEzxVGmLbDWY5pfWTLqBcC2KZ6jyYvM4mQ=
golang.org/x/tools v0.0.0-20191119224855-298f0cb1881e/go.mod h1:b+2E5dAYhXwXZwtnZ6UAqBI28+e2cm9otk0dWdXHAEo=
golang.org/x/tools v0.1.1/go.mod h1:o0xws9oXOQQZyjljx8fwUC0k7L1pTE6eaCbjGeHmOkk=
golang.org/x/xerrors v0.0.0-20190717185122-a985d3407aa7/go.mod h1:I/5z698sn9Ka8TeJc9MKroUUfqBBauWjQqLJ2OPfmY0=
golang.org/x/xerrors v0.0.0-20191011141410-1b5146add898/go.mod h1:I/5z698sn9Ka8TeJc9MKroUUfqBBauWjQqLJ2OPfmY0=
golang.org/x/xerrors v0.0.0-20200804184101-5ec99f83aff1/go.mod h1:I/5z698sn9Ka8TeJc9MKroUUfqBBauWjQqLJ2OPfmY0=
gopkg.in/check.v1 v0.0.0-20161208181325-20d25e280405/go.mod h1:Co6ibVJAznAaIkqp8huTwlJQCZ016jof/cbN4VW5Yz0=
gopkg.in/check.v1 v1.0.0-20201130134442-10cb98267c6c h1:Hei/4ADfdWqJk1ZMxUNpqntNwaWcugrBjAiHlqqRiVk=
gopkg.in/check.v1 v1.0.0-20201130134442-10cb98267c6c/go.mod h1:JHkPIbrfpd72SG/EVd6muEfDQjcINNoR0C8j2r3qZ4Q=
gopkg.in/yaml.v2 v2.2.2/go.mod h1:hI93XBmqTisBFMUTm0b8Fm+jr3Dg1NNxqwp+5A1VGuI=
gopkg.in/yaml.v3 v3.0.1 h1:fxVm/GzAzEWqLHuvctI91KS9hhNmmWOoWu0XTYJS7CA=
gopkg.in/yaml.v3 v3.0.1/go.mod h1:K4uyk7z7BCEPqu6E+C64Yfv1cQ7kz7rIZviUmN+EgEM=
