github.com/alexsergivan/transliterator v1.0.1 h1:vON2ilWCHjq+S5Y4obhLGhHK4Y1VIhsHEtQlij5d9pI=
github.com/alexsergivan/transliterator v1.0.1/go.mod h1:0IrumukulURJ4PD0z6UcdJKP2job1DYDhnHAP5y+5pE=
github.com/bots-go-framework/bots-fw-store v0.10.0 h1:e6bD274mjrHVp+X05/7uqqT3s5xZOqV9divKTaM2W+w=
github.com/bots-go-framework/bots-fw-store v0.10.0/go.mod h1:7oU4B8j5HuJZM8AftosbyQD+AqckXsDv8eU1auGPzn8=
github.com/creack/pty v1.1.9/go.mod h1:oKZEueFk5CKHvIhNR5MUki03XCEU+Q6VDXinZuGJ33E=
github.com/crediterra/money v0.3.0 h1:dHWEZhkMGGxkHTAbGQOaeg8eYbL8qJSCgcqdOTbNg20=
github.com/crediterra/money v0.3.0/go.mod h1:0BT7dzPk4Wv+Wi8J6sxlFbCknYioLWVVQM4ciMJh6TI=
github.com/dal-go/dalgo v0.24.0 h1:lwf2S7+zBhp5z1HQXSKpsLd5ZXkby0aDm3jcEQA2VQI=
github.com/dal-go/dalgo v0.24.0/go.mod h1:BoMNGwDE9FdjynV7xCn5f/GdVJxvfePwjsMldn+BhqA=
github.com/dal-go/dalgo v0.26.3 h1:xkBD2fe/soF73ccVdu74g4VEk+f3i/GuaucnVOE91P8=
github.com/dal-go/dalgo v0.26.3/go.mod h1:JXjaUXi0nD1Q+HV/HVtWuxuDCIyKUQa/MmBih9k8aKU=
github.com/dal-go/dalgo v0.26.4 h1:CBZrE+rijxTUSlGQ6494PIzhTKl+aw3pwdIx6QNVdaA=
github.com/dal-go/dalgo v0.26.4/go.mod h1:vOjId8+TWO6fm/mNcMPvdQNGQsLeRuEw7z5itjIB0Hk=
github.com/dal-go/dalgo v0.26.5 h1:EG7fg/oX++QMZvTERB8NTYxFJuY6X0vXuFbFUg1nHhQ=
github.com/dal-go/dalgo v0.26.5/go.mod h1:ZVN3K0I3Oq20o+GT8SeouIbyCxbL9F7XQbY0VT8haF0=
github.com/dal-go/mocks4dalgo v0.3.4 h1:IaxOvMCa1qmUGNiXN0CSPfXYBdC3yidUctOWGuqS8ok=
github.com/dal-go/mocks4dalgo v0.3.4/go.mod h1:6tTsJt4SnSlcHtIXPksmwqF+f5A8jWvC8H2QfG7DgCA=
github.com/dal-go/mocks4dalgo v0.3.6 h1:eTuK0Ug9NoWfMQWP/0yJT7Fyjwy2rLlbEd8sOAyx04I=
github.com/dal-go/mocks4dalgo v0.3.6/go.mod h1:ZSfIqX3MwSyO7JEGQGPpopzMBpBIoN8Qah7VpT28vBI=
github.com/dal-go/mocks4dalgo v0.3.7 h1:orkE2R2dAwYflNbzMkQPAtSkgj+3qItF0swW11BDoyQ=
github.com/dal-go/mocks4dalgo v0.3.7/go.mod h1:SiccdZwZTC6mmWBEmpSlA2sJ8+OZbPiDbgzFd2K9iuU=
github.com/dal-go/mocks4dalgo v0.3.8 h1:Ws4W0aFv0V23q5m0EyQx4QWUMQN4ylm8UkDhKNF6CaI=
github.com/dal-go/mocks4dalgo v0.3.8/go.mod h1:VWMZOWlJd8m636pEodaN7nY8SkNwhxvTwzHnwSUuEkk=
github.com/dal-go/mocks4dalgo v0.3.10 h1:TNEvy5x4ggXN+7flqrnJoEojmwKR6beEfolMsiuAofo=
github.com/dal-go/mocks4dalgo v0.3.10/go.mod h1:CAnOekOUKRbKqdA9SqXrOfkad2QJqLw2Q720Z8x4lDc=
github.com/davecgh/go-spew v1.1.0/go.mod h1:J7Y8YcW2NihsgmVo/mv3lAwl/skON4iLHjSsI+c5H38=
github.com/davecgh/go-spew v1.1.1 h1:vj9j/u1bqnvCEfJOwUhtlOARqs3+rkHYY13jYWTU97c=
github.com/davecgh/go-spew v1.1.1/go.mod h1:J7Y8YcW2NihsgmVo/mv3lAwl/skON4iLHjSsI+c5H38=
github.com/gosimple/slug v1.15.0 h1:wRZHsRrRcs6b0XnxMUBM6WK1U1Vg5B0R7VkIf1Xzobo=
github.com/gosimple/slug v1.15.0/go.mod h1:UiRaFH+GEilHstLUmcBgWcI42viBN7mAb818JrYOeFQ=
github.com/gosimple/unidecode v1.0.1 h1:hZzFTMMqSswvf0LBJZCZgThIZrpDHFXux9KeGmn6T/o=
github.com/gosimple/unidecode v1.0.1/go.mod h1:CP0Cr1Y1kogOtx0bJblKzsVWrqYaqfNOnHzpgWw4Awc=
github.com/julienschmidt/httprouter v1.3.0 h1:U0609e9tgbseu3rBINet9P48AI/D3oJs4dN7jwJOQ1U=
github.com/julienschmidt/httprouter v1.3.0/go.mod h1:JR6WtHb+2LUe8TCKY3cZOxFyyO8IZAc4RVcycCCAKdM=
github.com/kr/pretty v0.3.1 h1:flRD4NNwYAUpkphVc1HcthR4KEIFJ65n8Mw5qdRn3LE=
github.com/kr/pretty v0.3.1/go.mod h1:hoEshYVHaxMs3cyo3Yncou5ZscifuDolrwPKZanG3xk=
github.com/kr/text v0.2.0 h1:5Nx0Ya0ZqY2ygV366QzturHI13Jq95ApcVaJBhpS+AY=
github.com/kr/text v0.2.0/go.mod h1:eLer722TekiGuMkidMxC/pM04lWEeraHUUmBw8l2grE=
github.com/pmezard/go-difflib v1.0.0 h1:4DBwDE0NGyQoBHbLQYPwSUPoCMWR5BEzIk/f1lZbAQM=
github.com/pmezard/go-difflib v1.0.0/go.mod h1:iKH77koFhYxTK1pcRnkKkqfTogsbg7gZNVY4sRDYZ/4=
github.com/rogpeppe/go-internal v1.14.1 h1:UQB4HGPB6osV0SQTLymcB4TgvyWu6ZyliaW0tI/otEQ=
github.com/rogpeppe/go-internal v1.14.1/go.mod h1:MaRKkUm5W0goXpeCfT7UZI6fk/L7L7so1lCWt35ZSgc=
github.com/sneat-co/sneat-core-modules v0.33.4 h1:MgzA5AGn0CMAjlHK+MP7TA4bMq1RcZisYIyBljrQwCg=
github.com/sneat-co/sneat-core-modules v0.33.4/go.mod h1:6qqTNgQGiFcLGrqNJ+yUsF8Y5/vXVD1Jr6huFbh0czQ=
github.com/sneat-co/sneat-core-modules v0.38.0 h1:vC1EzRBaLOCNZYd4lwf6yu9JttiucrXFndjmjjjmX8s=
github.com/sneat-co/sneat-core-modules v0.38.0/go.mod h1:Du2Z9uTO8ljDYXqStW3rGZnQ4WJoxA0IG2NUB0XOd9k=
github.com/sneat-co/sneat-core-modules v0.38.1 h1:FWBO+T3gc8KjDpz7pCr3M5L/LWjOHoh8zXqwK7R5Zig=
github.com/sneat-co/sneat-core-modules v0.38.1/go.mod h1:Du2Z9uTO8ljDYXqStW3rGZnQ4WJoxA0IG2NUB0XOd9k=
github.com/sneat-co/sneat-core-modules v0.38.2 h1:P6jxv1nKD+dgQ9hZ0qg4YAs+5RxCbz0CsALFZ53IpMU=
github.com/sneat-co/sneat-core-modules v0.38.2/go.mod h1:G7WvqUxa56j8UubmmeaP9+pHjit2bboBeHBHmYQ5f5U=
github.com/sneat-co/sneat-core-modules v0.38.3 h1:0r+VmKSSEiWlX10NhbTDIvOOT/whoF+mea2LF4UiLO8=
github.com/sneat-co/sneat-core-modules v0.38.3/go.mod h1:XjjE7Huvbd1AKBPd9sD/Sqra/i9wUUtxRrts/4cgucs=
github.com/sneat-co/sneat-core-modules v0.38.5 h1:zoIQY0JPWZ3MzEpH7q5mmgFq6sKwO5xNJzkTSnQSlFE=
github.com/sneat-co/sneat-core-modules v0.38.5/go.mod h1:FtYBk5r38eklbYiunG7HFe+an2qIh5YbWmJP6wZi8qY=
github.com/sneat-co/sneat-core-modules v0.38.6 h1:6mPCb33h7zOgbQu9DuTTCfJ06B16Gc+EsjA/QKKrxLI=
github.com/sneat-co/sneat-core-modules v0.38.6/go.mod h1:Jp/Ox08HcrvIV6rQwAW6aJtYDNqm48Co4gt5o/RMGiE=
github.com/sneat-co/sneat-core-modules v0.38.7 h1:LT/4mDhcT7aSJMPTwe0N8OA3L1IlDv2G03xql+ZpO1g=
github.com/sneat-co/sneat-core-modules v0.38.7/go.mod h1:nq6IVR4HBNezljvHTiCcd7M4YZz3PFHpX4T7lmHbsAc=
github.com/sneat-co/sneat-core-modules v0.38.8 h1:/nK57Q0mYG8vZ0gTpV/ZbxlhD6pKNQKh6b1Kvy7NoTo=
github.com/sneat-co/sneat-core-modules v0.38.8/go.mod h1:iB08OqTRtJdCbiLJ+Fq+QLohXRNAzwsmi5jVXAoF1qA=
github.com/sneat-co/sneat-go-core v0.50.30 h1:2IFLqbyV5z5BuYyxSUQ9KeitV6B0WdvCFTU3skWUqU4=
github.com/sneat-co/sneat-go-core v0.50.30/go.mod h1:5+O/F7YU171jbBnwk2Fj5RuI9ang6igtMRCdCfc3fdk=
github.com/sneat-co/sneat-go-core v0.53.0/go.mod h1:H0zd2JkKpm/OG9AOUq97g/1gr1k4cHIIb25As+uCJJE=
github.com/sneat-co/sneat-go-core v0.54.0 h1:dO1UBbvW0Nvtre9J6y9+QvtSlh54LBSHCsV/il0D66k=
github.com/sneat-co/sneat-go-core v0.54.0/go.mod h1:H0zd2JkKpm/OG9AOUq97g/1gr1k4cHIIb25As+uCJJE=
github.com/sneat-co/sneat-go-core v0.54.1 h1:Ol0UyitzKNCAFizaWYUM810yYrYMXr6FvPWvoifHXwU=
github.com/sneat-co/sneat-go-core v0.54.1/go.mod h1:3LNVUIaMp4phoYRV0NPRM5u7wHTTJlmuts3rodmRHBk=
github.com/sneat-co/sneat-go-core v0.54.2 h1:j73eWsweX/2ggteIL/bWc4lrGkhYEAnWEsv99GGsS0w=
github.com/sneat-co/sneat-go-core v0.54.2/go.mod h1:XeHs2GAzso8iCbcLnQSPcDwtjoaB8zc+BruAt5R35u0=
github.com/sneat-co/sneat-go-core v0.54.3 h1:fqRhycBM4liP3tl3U6QPNazqYQq2Ukcd46oSt+AGEJg=
github.com/sneat-co/sneat-go-core v0.54.3/go.mod h1:DTlD6hLklTOZIg2LaarVuGO5LRzY4YspFJ4Ne1nJAIM=
github.com/sneat-co/sneat-go-core v0.54.4 h1:CHCZ948X6tpUumWkwwk1QjWmT3WEWN2u+5MxHJtYOMU=
github.com/sneat-co/sneat-go-core v0.54.4/go.mod h1:IyhR1aTQOOPNVC2lNP96yLo6jkE1wy1IBwrTqLOyPUY=
github.com/stretchr/objx v0.1.0/go.mod h1:HFkY916IF+rwdDfMAkV7OtwuqBVzrE8GR6GFx+wExME=
github.com/stretchr/testify v1.5.1/go.mod h1:5W2xD1RspED5o8YsWQXVCued0rvSQ+mT+I5cxcmMvtA=
github.com/stretchr/testify v1.10.0 h1:Xv5erBjTwe/5IxqUQTdXv5kgmIvbHo3QQyRwhJsOfJA=
github.com/stretchr/testify v1.10.0/go.mod h1:r2ic/lqez/lEtzL7wO/rwa5dbSLXVDPFyf8C91i36aY=
github.com/stretchr/testify v1.11.1 h1:7s2iGBzp5EwR7/aIZr8ao5+dra3wiQyKjjFuvgVKu7U=
github.com/stretchr/testify v1.11.1/go.mod h1:wZwfW3scLgRK+23gO65QZefKpKQRnfz6sD981Nm4B6U=
github.com/strongo/analytics v0.2.2 h1:D2xxTemgCK+4Qk0iBVvXXKsZnm5iS350TPAaZnXFeT8=
github.com/strongo/analytics v0.2.2/go.mod h1:1OdiZI9/fPDN8ep1Pbz+F3UZPNbttUD7T1St15r760c=
github.com/strongo/decimal v0.1.1 h1:k7HY/0NmG6Ne5YPV7XybII+AT7O4AShl6HZpLiNZsb4=
github.com/strongo/decimal v0.1.1/go.mod h1:uKFgetJbR2uT026stdbK54ELXTH9h0vZOPPOp7DAODk=
github.com/strongo/delaying v0.2.1 h1:vpugNAmvwF81ZcICARgAzMWjACi3UXDSTLxfe9fB/4w=
github.com/strongo/delaying v0.2.1/go.mod h1:6PnWp2IL3UDo7tQyFVIOxBiIiHSj0eVZ6VfrleGNjzA=
github.com/strongo/logus v0.2.1 h1:ZzAtdSg6PPF1Y43WbNWl7MH1XYl7kvKMxyxv/lpbadI=
github.com/strongo/logus v0.2.1/go.mod h1:sd8gjJklqGQAg+Q0mlP5MWgzguAuxR25YYFSkfVOPdc=
github.com/strongo/random v0.0.1 h1:OZHJBb/3uEa7OX8L2Dv2pLnSeewRmXMyTACoeto6O8I=
github.com/strongo/random v0.0.1/go.mod h1:/pSI+SjBNLBkjljNtVdYr6ERddA+LqSa87o0/s+9iuU=
github.com/strongo/slice v0.3.1 h1:VWkyYBgcVJn6Hs7wYhL9Vxwgb7V3zQAUFTBV9wo5lc4=
github.com/strongo/slice v0.3.1/go.mod h1:B5ODKCkl0rp2oiG0UBqkN1cCOrSCU2cUuhqCM1sC8r4=
github.com/strongo/slice v0.3.2 h1:FXCa/94Oai3Mms1dMWRLwF14V9Aw47SXrsE0srS7POQ=
github.com/strongo/slice v0.3.2/go.mod h1:/9n2IbJ2zyofa07EiwpPzNC11RnDgDI56iX88gKC7VE=
github.com/strongo/slice v0.3.3 h1:ekhETQiWeH1kyfjZm1InzdZ/1c5SC2z7/i1pK4WrKj4=
github.com/strongo/slice v0.3.3/go.mod h1:Tymvuhp8oV6T4vswWR4F/JmGFxOcMWFTM5qp0WlV0sk=
github.com/strongo/strongoapp v0.31.7 h1:DMwULVT+a2c+0HXdoPZmnk5qxavyMXMcN4QsI6nY28k=
github.com/strongo/strongoapp v0.31.7/go.mod h1:/iFsoothcfFT8SpkGB/UFZoIz4K9QYmWpjiCvXO6aOw=
github.com/strongo/strongoapp v0.31.8 h1:YJt5RnTDnhxD53DPxAXN3A1P7rMSouC8l4YmtGQ2HdA=
github.com/strongo/strongoapp v0.31.8/go.mod h1:QVH4Tv7WXEKroG/bMzmNofqFt+A9/GgZLqJIpBy8zf0=
github.com/strongo/strongoapp v0.31.9 h1:paTjWrPVencb3kx87TDznjsNHJzN7oY02gNMF0WzF50=
github.com/strongo/strongoapp v0.31.9/go.mod h1:gNcEC3T/35BnWmn4lCzmK1Chn4NYYT1bJFxC9vfxkvE=
github.com/strongo/validation v0.0.7 h1:gs6YkwPsYtVsepQaQOB+ZF+T0Gu5+nk4ZMND8F85e+U=
github.com/strongo/validation v0.0.7/go.mod h1:YUwoPEItLJd/Bc9X1OCUm03ofhvm3kwZvuihU7/jz58=
go.uber.org/mock v0.5.2 h1:LbtPTcP8A5k9WPXj54PPPbjcI4Y6lhyOZXn+VS7wNko=
go.uber.org/mock v0.5.2/go.mod h1:wLlUxC2vVTPTaE3UD51E0BGOAElKrILxhVSDYQLld5o=
go.uber.org/mock v0.6.0 h1:hyF9dfmbgIX5EfOdasqLsWD6xqpNZlXblLB/Dbnwv3Y=
go.uber.org/mock v0.6.0/go.mod h1:KiVJ4BqZJaMj4svdfmHM0AUx4NJYO8ZNpPnZn1Z+BBU=
golang.org/x/crypto v0.40.0 h1:r4x+VvoG5Fm+eJcxMaY8CQM7Lb0l1lsmjGBQ6s8BfKM=
golang.org/x/crypto v0.40.0/go.mod h1:Qr1vMER5WyS2dfPHAlsOj01wgLbsyWtFn/aY+5+ZdxY=
golang.org/x/crypto v0.41.0 h1:WKYxWedPGCTVVl5+WHSSrOBT0O8lx32+zxmHxijgXp4=
golang.org/x/crypto v0.41.0/go.mod h1:pO5AFd7FA68rFak7rOAGVuygIISepHftHnr8dr6+sUc=
golang.org/x/net v0.42.0 h1:jzkYrhi3YQWD6MLBJcsklgQsoAcw89EcZbJw8Z614hs=
golang.org/x/net v0.42.0/go.mod h1:FF1RA5d3u7nAYA4z2TkclSCKh68eSXtiFwcWQpPXdt8=
golang.org/x/net v0.43.0 h1:lat02VYK2j4aLzMzecihNvTlJNQUq316m2Mr9rnM6YE=
golang.org/x/net v0.43.0/go.mod h1:vhO1fvI4dGsIjh73sWfUVjj3N7CA9WkKJNQm2svM6Jg=
gopkg.in/check.v1 v0.0.0-20161208181325-20d25e280405/go.mod h1:Co6ibVJAznAaIkqp8huTwlJQCZ016jof/cbN4VW5Yz0=
gopkg.in/check.v1 v1.0.0-20201130134442-10cb98267c6c h1:Hei/4ADfdWqJk1ZMxUNpqntNwaWcugrBjAiHlqqRiVk=
gopkg.in/check.v1 v1.0.0-20201130134442-10cb98267c6c/go.mod h1:JHkPIbrfpd72SG/EVd6muEfDQjcINNoR0C8j2r3qZ4Q=
gopkg.in/yaml.v2 v2.2.2/go.mod h1:hI93XBmqTisBFMUTm0b8Fm+jr3Dg1NNxqwp+5A1VGuI=
gopkg.in/yaml.v3 v3.0.1 h1:fxVm/GzAzEWqLHuvctI91KS9hhNmmWOoWu0XTYJS7CA=
gopkg.in/yaml.v3 v3.0.1/go.mod h1:K4uyk7z7BCEPqu6E+C64Yfv1cQ7kz7rIZviUmN+EgEM=
